// !$*UTF8*$!
{
	archiveVersion = 1;
	classes = {
	};
	objectVersion = 56;
	objects = {

/* Begin PBXBuildFile section */
		BB000002000000000000B800 /* ReclipApp.swift in Sources */ = {isa = PBXBuildFile; fileRef = BB000002000000000000B801 /* ReclipApp.swift */; };
		BB000002000000000000B802 /* ContentView.swift in Sources */ = {isa = PBXBuildFile; fileRef = BB000002000000000000B803 /* ContentView.swift */; };
		BB000002000000000000B804 /* Theme.swift in Sources */ = {isa = PBXBuildFile; fileRef = BB000002000000000000B805 /* Theme.swift */; };
		BB000002000000000000B806 /* AppState.swift in Sources */ = {isa = PBXBuildFile; fileRef = BB000002000000000000B807 /* AppState.swift */; };
		BB000002000000000000B808 /* CaptionSegment.swift in Sources */ = {isa = PBXBuildFile; fileRef = BB000002000000000000B809 /* CaptionSegment.swift */; };
		BB000002000000000000B80A /* Contact.swift in Sources */ = {isa = PBXBuildFile; fileRef = BB000002000000000000B80B /* Contact.swift */; };
		BB000002000000000000B80C /* HapticsManager.swift in Sources */ = {isa = PBXBuildFile; fileRef = BB000002000000000000B80D /* HapticsManager.swift */; };
		BB000002000000000000B80E /* AudioEngine.swift in Sources */ = {isa = PBXBuildFile; fileRef = BB000002000000000000B80F /* AudioEngine.swift */; };
		BB000002000000000000B810 /* RollingRecorder.swift in Sources */ = {isa = PBXBuildFile; fileRef = BB000002000000000000B811 /* RollingRecorder.swift */; };
		BB000002000000000000B812 /* AudioPlayerManager.swift in Sources */ = {isa = PBXBuildFile; fileRef = BB000002000000000000B813 /* AudioPlayerManager.swift */; };
		BB000002000000000000B814 /* ReclipLogoView.swift in Sources */ = {isa = PBXBuildFile; fileRef = BB000002000000000000B815 /* ReclipLogoView.swift */; };
		BB000002000000000000B816 /* ContinueButton.swift in Sources */ = {isa = PBXBuildFile; fileRef = BB000002000000000000B817 /* ContinueButton.swift */; };
		BB000002000000000000B818 /* ProgressDots.swift in Sources */ = {isa = PBXBuildFile; fileRef = BB000002000000000000B819 /* ProgressDots.swift */; };
		BB000002000000000000B81A /* ToastView.swift in Sources */ = {isa = PBXBuildFile; fileRef = BB000002000000000000B81B /* ToastView.swift */; };
		BB000002000000000000B81C /* ErrorPill.swift in Sources */ = {isa = PBXBuildFile; fileRef = BB000002000000000000B81D /* ErrorPill.swift */; };
		BB000002000000000000B81E /* TutorialView.swift in Sources */ = {isa = PBXBuildFile; fileRef = BB000002000000000000B81F /* TutorialView.swift */; };
		BB000002000000000000B820 /* InstantStartView.swift in Sources */ = {isa = PBXBuildFile; fileRef = BB000002000000000000B821 /* InstantStartView.swift */; };
		BB000002000000000000B822 /* MagicMomentView.swift in Sources */ = {isa = PBXBuildFile; fileRef = BB000002000000000000B823 /* MagicMomentView.swift */; };
		BB000002000000000000B824 /* ViralTriggerView.swift in Sources */ = {isa = PBXBuildFile; fileRef = BB000002000000000000B825 /* ViralTriggerView.swift */; };
		BB000002000000000000B826 /* OnboardingView.swift in Sources */ = {isa = PBXBuildFile; fileRef = BB000002000000000000B827 /* OnboardingView.swift */; };
		BB000002000000000000B828 /* FriendLoopView.swift in Sources */ = {isa = PBXBuildFile; fileRef = BB000002000000000000B829 /* FriendLoopView.swift */; };
		BB000002000000000000B82A /* DoneView.swift in Sources */ = {isa = PBXBuildFile; fileRef = BB000002000000000000B82B /* DoneView.swift */; };
		BB000002000000000000B82C /* Assets.xcassets in Resources */ = {isa = PBXBuildFile; fileRef = BB000002000000000000B82D /* Assets.xcassets */; };
		BB000002000000000000B82E /* AVFoundation.framework in Frameworks */ = {isa = PBXBuildFile; fileRef = BB000002000000000000B82F /* AVFoundation.framework */; };
		BB000002000000000000B830 /* CoreHaptics.framework in Frameworks */ = {isa = PBXBuildFile; fileRef = BB000002000000000000B831 /* CoreHaptics.framework */; };
		BB000002000000000000B832 /* Speech.framework in Frameworks */ = {isa = PBXBuildFile; fileRef = BB000002000000000000B833 /* Speech.framework */; };
		BB000002000000000000B834 /* Contacts.framework in Frameworks */ = {isa = PBXBuildFile; fileRef = BB000002000000000000B835 /* Contacts.framework */; };
		BB000002000000000000B836 /* Accelerate.framework in Frameworks */ = {isa = PBXBuildFile; fileRef = BB000002000000000000B837 /* Accelerate.framework */; };
/* End PBXBuildFile section */

/* Begin PBXFileReference section */
		BB000002000000000000B801 /* ReclipApp.swift */ = {isa = PBXFileReference; lastKnownFileType = sourcecode.swift; path = ReclipApp.swift; sourceTree = "<group>"; };
		BB000002000000000000B803 /* ContentView.swift */ = {isa = PBXFileReference; lastKnownFileType = sourcecode.swift; path = ContentView.swift; sourceTree = "<group>"; };
		BB000002000000000000B805 /* Theme.swift */ = {isa = PBXFileReference; lastKnownFileType = sourcecode.swift; path = Theme.swift; sourceTree = "<group>"; };
		BB000002000000000000B807 /* AppState.swift */ = {isa = PBXFileReference; lastKnownFileType = sourcecode.swift; path = AppState.swift; sourceTree = "<group>"; };
		BB000002000000000000B809 /* CaptionSegment.swift */ = {isa = PBXFileReference; lastKnownFileType = sourcecode.swift; path = CaptionSegment.swift; sourceTree = "<group>"; };
		BB000002000000000000B80B /* Contact.swift */ = {isa = PBXFileReference; lastKnownFileType = sourcecode.swift; path = Contact.swift; sourceTree = "<group>"; };
		BB000002000000000000B80D /* HapticsManager.swift */ = {isa = PBXFileReference; lastKnownFileType = sourcecode.swift; path = HapticsManager.swift; sourceTree = "<group>"; };
		BB000002000000000000B80F /* AudioEngine.swift */ = {isa = PBXFileReference; lastKnownFileType = sourcecode.swift; path = AudioEngine.swift; sourceTree = "<group>"; };
		BB000002000000000000B811 /* RollingRecorder.swift */ = {isa = PBXFileReference; lastKnownFileType = sourcecode.swift; path = RollingRecorder.swift; sourceTree = "<group>"; };
		BB000002000000000000B813 /* AudioPlayerManager.swift */ = {isa = PBXFileReference; lastKnownFileType = sourcecode.swift; path = AudioPlayerManager.swift; sourceTree = "<group>"; };
		BB000002000000000000B815 /* ReclipLogoView.swift */ = {isa = PBXFileReference; lastKnownFileType = sourcecode.swift; path = ReclipLogoView.swift; sourceTree = "<group>"; };
		BB000002000000000000B817 /* ContinueButton.swift */ = {isa = PBXFileReference; lastKnownFileType = sourcecode.swift; path = ContinueButton.swift; sourceTree = "<group>"; };
		BB000002000000000000B819 /* ProgressDots.swift */ = {isa = PBXFileReference; lastKnownFileType = sourcecode.swift; path = ProgressDots.swift; sourceTree = "<group>"; };
		BB000002000000000000B81B /* ToastView.swift */ = {isa = PBXFileReference; lastKnownFileType = sourcecode.swift; path = ToastView.swift; sourceTree = "<group>"; };
		BB000002000000000000B81D /* ErrorPill.swift */ = {isa = PBXFileReference; lastKnownFileType = sourcecode.swift; path = ErrorPill.swift; sourceTree = "<group>"; };
		BB000002000000000000B81F /* TutorialView.swift */ = {isa = PBXFileReference; lastKnownFileType = sourcecode.swift; path = TutorialView.swift; sourceTree = "<group>"; };
		BB000002000000000000B821 /* InstantStartView.swift */ = {isa = PBXFileReference; lastKnownFileType = sourcecode.swift; path = InstantStartView.swift; sourceTree = "<group>"; };
		BB000002000000000000B823 /* MagicMomentView.swift */ = {isa = PBXFileReference; lastKnownFileType = sourcecode.swift; path = MagicMomentView.swift; sourceTree = "<group>"; };
		BB000002000000000000B825 /* ViralTriggerView.swift */ = {isa = PBXFileReference; lastKnownFileType = sourcecode.swift; path = ViralTriggerView.swift; sourceTree = "<group>"; };
		BB000002000000000000B827 /* OnboardingView.swift */ = {isa = PBXFileReference; lastKnownFileType = sourcecode.swift; path = OnboardingView.swift; sourceTree = "<group>"; };
		BB000002000000000000B829 /* FriendLoopView.swift */ = {isa = PBXFileReference; lastKnownFileType = sourcecode.swift; path = FriendLoopView.swift; sourceTree = "<group>"; };
		BB000002000000000000B82B /* DoneView.swift */ = {isa = PBXFileReference; lastKnownFileType = sourcecode.swift; path = DoneView.swift; sourceTree = "<group>"; };
		BB000002000000000000B82D /* Assets.xcassets */ = {isa = PBXFileReference; lastKnownFileType = folder.assetcatalog; path = Assets.xcassets; sourceTree = "<group>"; };
		BB000002000000000000B82F /* AVFoundation.framework */ = {isa = PBXFileReference; lastKnownFileType = wrapper.framework; name = AVFoundation.framework; path = System/Library/Frameworks/AVFoundation.framework; sourceTree = SDKROOT; };
		BB000002000000000000B831 /* CoreHaptics.framework */ = {isa = PBXFileReference; lastKnownFileType = wrapper.framework; name = CoreHaptics.framework; path = System/Library/Frameworks/CoreHaptics.framework; sourceTree = SDKROOT; };
		BB000002000000000000B833 /* Speech.framework */ = {isa = PBXFileReference; lastKnownFileType = wrapper.framework; name = Speech.framework; path = System/Library/Frameworks/Speech.framework; sourceTree = SDKROOT; };
		BB000002000000000000B835 /* Contacts.framework */ = {isa = PBXFileReference; lastKnownFileType = wrapper.framework; name = Contacts.framework; path = System/Library/Frameworks/Contacts.framework; sourceTree = SDKROOT; };
		BB000002000000000000B837 /* Accelerate.framework */ = {isa = PBXFileReference; lastKnownFileType = wrapper.framework; name = Accelerate.framework; path = System/Library/Frameworks/Accelerate.framework; sourceTree = SDKROOT; };
		BB000002000000000000B838 /* Info.plist */ = {isa = PBXFileReference; lastKnownFileType = text.plist.xml; path = Info.plist; sourceTree = "<group>"; };
		BB000002000000000000B839 /* ReclipApp.app */ = {isa = PBXFileReference; explicitFileType = wrapper.application; includeInIndex = 0; path = ReclipApp.app; sourceTree = BUILT_PRODUCTS_DIR; };
/* End PBXFileReference section */

/* Begin PBXFrameworksBuildPhase section */
		BB000002000000000000B840 /* Frameworks */ = {
			isa = PBXFrameworksBuildPhase;
			buildActionMask = 2147483647;
			files = (
				BB000002000000000000B82E /* AVFoundation.framework in Frameworks */,
				BB000002000000000000B830 /* CoreHaptics.framework in Frameworks */,
				BB000002000000000000B832 /* Speech.framework in Frameworks */,
				BB000002000000000000B834 /* Contacts.framework in Frameworks */,
				BB000002000000000000B836 /* Accelerate.framework in Frameworks */,
			);
			runOnlyForDeploymentPostprocessing = 0;
		};
/* End PBXFrameworksBuildPhase section */

/* Begin PBXGroup section */
		BB000002000000000000B850 /* Products */ = {
			isa = PBXGroup;
			children = (
				BB000002000000000000B839 /* ReclipApp.app */,
			);
			name = Products;
			sourceTree = "<group>";
		};
		BB000002000000000000B851 /* Frameworks */ = {
			isa = PBXGroup;
			children = (
				BB000002000000000000B82F /* AVFoundation.framework */,
				BB000002000000000000B831 /* CoreHaptics.framework */,
				BB000002000000000000B833 /* Speech.framework */,
				BB000002000000000000B835 /* Contacts.framework */,
				BB000002000000000000B837 /* Accelerate.framework */,
			);
			name = Frameworks;
			sourceTree = "<group>";
		};
		BB000002000000000000B852 /* ReclipApp */ = {
			isa = PBXGroup;
			children = (
				BB000002000000000000B801 /* ReclipApp.swift */,
				BB000002000000000000B803 /* ContentView.swift */,
				BB000002000000000000B853 /* DesignSystem */,
				BB000002000000000000B854 /* Models */,
				BB000002000000000000B855 /* Audio */,
				BB000002000000000000B856 /* Haptics */,
				BB000002000000000000B857 /* Components */,
				BB000002000000000000B858 /* Screens */,
				BB000002000000000000B82D /* Assets.xcassets */,
				BB000002000000000000B838 /* Info.plist */,
			);
			path = ReclipApp;
			sourceTree = "<group>";
		};
		BB000002000000000000B853 /* DesignSystem */ = {
			isa = PBXGroup;
			children = (
				BB000002000000000000B805 /* Theme.swift */,
			);
			path = DesignSystem;
			sourceTree = "<group>";
		};
		BB000002000000000000B854 /* Models */ = {
			isa = PBXGroup;
			children = (
				BB000002000000000000B807 /* AppState.swift */,
				BB000002000000000000B809 /* CaptionSegment.swift */,
				BB000002000000000000B80B /* Contact.swift */,
			);
			path = Models;
			sourceTree = "<group>";
		};
		BB000002000000000000B855 /* Audio */ = {
			isa = PBXGroup;
			children = (
				BB000002000000000000B80F /* AudioEngine.swift */,
				BB000002000000000000B811 /* RollingRecorder.swift */,
				BB000002000000000000B813 /* AudioPlayerManager.swift */,
			);
			path = Audio;
			sourceTree = "<group>";
		};
		BB000002000000000000B856 /* Haptics */ = {
			isa = PBXGroup;
			children = (
				BB000002000000000000B80D /* HapticsManager.swift */,
			);
			path = Haptics;
			sourceTree = "<group>";
		};
		BB000002000000000000B857 /* Components */ = {
			isa = PBXGroup;
			children = (
				BB000002000000000000B815 /* ReclipLogoView.swift */,
				BB000002000000000000B817 /* ContinueButton.swift */,
				BB000002000000000000B819 /* ProgressDots.swift */,
				BB000002000000000000B81B /* ToastView.swift */,
				BB000002000000000000B81D /* ErrorPill.swift */,
			);
			path = Components;
			sourceTree = "<group>";
		};
		BB000002000000000000B858 /* Screens */ = {
			isa = PBXGroup;
			children = (
				BB000002000000000000B81F /* TutorialView.swift */,
				BB000002000000000000B821 /* InstantStartView.swift */,
				BB000002000000000000B823 /* MagicMomentView.swift */,
				BB000002000000000000B825 /* ViralTriggerView.swift */,
				BB000002000000000000B827 /* OnboardingView.swift */,
				BB000002000000000000B829 /* FriendLoopView.swift */,
				BB000002000000000000B82B /* DoneView.swift */,
			);
			path = Screens;
			sourceTree = "<group>";
		};
		BB000002000000000000B860 = {
			isa = PBXGroup;
			children = (
				BB000002000000000000B852 /* ReclipApp */,
				BB000002000000000000B850 /* Products */,
				BB000002000000000000B851 /* Frameworks */,
			);
			sourceTree = "<group>";
		};
/* End PBXGroup section */

/* Begin PBXNativeTarget section */
		BB000002000000000000B861 /* ReclipApp */ = {
			isa = PBXNativeTarget;
			buildConfigurationList = BB000002000000000000B870;
			buildPhases = (
				BB000002000000000000B862 /* Sources */,
				BB000002000000000000B840 /* Frameworks */,
				BB000002000000000000B863 /* Resources */,
			);
			buildRules = (
			);
			dependencies = (
			);
			name = ReclipApp;
			productName = ReclipApp;
			productReference = BB000002000000000000B839 /* ReclipApp.app */;
			productType = "com.apple.product-type.application";
		};
/* End PBXNativeTarget section */

/* Begin PBXProject section */
		BB000002000000000000B864 /* Project object */ = {
			isa = PBXProject;
			attributes = {
				BuildIndependentTargetsInParallel = 1;
				LastSwiftUpdateCheck = 1500;
				LastUpgradeCheck = 1500;
				TargetAttributes = {
					BB000002000000000000B861 = {
						CreatedOnToolsVersion = 15.0;
					};
				};
			};
			buildConfigurationList = BB000002000000000000B871;
			compatibilityVersion = "Xcode 14.0";
			developmentRegion = en;
			hasScannedForEncodings = 0;
			knownRegions = (
				en,
				Base,
			);
			mainGroup = BB000002000000000000B860;
			productRefGroup = BB000002000000000000B850 /* Products */;
			projectDirPath = "";
			projectRoot = "";
			targets = (
				BB000002000000000000B861 /* ReclipApp */,
			);
		};
/* End PBXProject section */

/* Begin PBXResourcesBuildPhase section */
		BB000002000000000000B863 /* Resources */ = {
			isa = PBXResourcesBuildPhase;
			buildActionMask = 2147483647;
			files = (
				BB000002000000000000B82C /* Assets.xcassets in Resources */,
			);
			runOnlyForDeploymentPostprocessing = 0;
		};
/* End PBXResourcesBuildPhase section */

/* Begin PBXSourcesBuildPhase section */
		BB000002000000000000B862 /* Sources */ = {
			isa = PBXSourcesBuildPhase;
			buildActionMask = 2147483647;
			files = (
				BB000002000000000000B800 /* ReclipApp.swift in Sources */,
				BB000002000000000000B802 /* ContentView.swift in Sources */,
				BB000002000000000000B804 /* Theme.swift in Sources */,
				BB000002000000000000B806 /* AppState.swift in Sources */,
				BB000002000000000000B808 /* CaptionSegment.swift in Sources */,
				BB000002000000000000B80A /* Contact.swift in Sources */,
				BB000002000000000000B80C /* HapticsManager.swift in Sources */,
				BB000002000000000000B80E /* AudioEngine.swift in Sources */,
				BB000002000000000000B810 /* RollingRecorder.swift in Sources */,
				BB000002000000000000B812 /* AudioPlayerManager.swift in Sources */,
				BB000002000000000000B814 /* ReclipLogoView.swift in Sources */,
				BB000002000000000000B816 /* ContinueButton.swift in Sources */,
				BB000002000000000000B818 /* ProgressDots.swift in Sources */,
				BB000002000000000000B81A /* ToastView.swift in Sources */,
				BB000002000000000000B81C /* ErrorPill.swift in Sources */,
				BB000002000000000000B81E /* TutorialView.swift in Sources */,
				BB000002000000000000B820 /* InstantStartView.swift in Sources */,
				BB000002000000000000B822 /* MagicMomentView.swift in Sources */,
				BB000002000000000000B824 /* ViralTriggerView.swift in Sources */,
				BB000002000000000000B826 /* OnboardingView.swift in Sources */,
				BB000002000000000000B828 /* FriendLoopView.swift in Sources */,
				BB000002000000000000B82A /* DoneView.swift in Sources */,
			);
			runOnlyForDeploymentPostprocessing = 0;
		};
/* End PBXSourcesBuildPhase section */

/* Begin XCBuildConfiguration section */
		BB000002000000000000B872 /* Debug */ = {
			isa = XCBuildConfiguration;
			buildSettings = {
				ALWAYS_SEARCH_USER_PATHS = NO;
				ASSETCATALOG_COMPILER_APPICON_NAME = AppIcon;
				ASSETCATALOG_COMPILER_GLOBAL_ACCENT_COLOR_NAME = AccentColor;
				CLANG_ANALYZER_NONNULL = YES;
				CLANG_ANALYZER_NUMBER_OBJECT_CONVERSION = YES_AGGRESSIVE;
				CLANG_CXX_LANGUAGE_STANDARD = "gnu++20";
				CLANG_ENABLE_MODULES = YES;
				CLANG_ENABLE_OBJC_ARC = YES;
				CLANG_ENABLE_OBJC_WEAK = YES;
				CLANG_WARN_BLOCK_CAPTURE_AUTORELEASING = YES;
				CLANG_WARN_BOOL_CONVERSION = YES;
				CLANG_WARN_COMMA = YES;
				CLANG_WARN_CONSTANT_CONVERSION = YES;
				CLANG_WARN_DEPRECATED_OBJC_IMPLEMENTATIONS = YES;
				CLANG_WARN_DIRECT_OBJC_ISA_USAGE = YES_ERROR;
				CLANG_WARN_DOCUMENTATION_COMMENTS = YES;
				CLANG_WARN_EMPTY_BODY = YES;
				CLANG_WARN_ENUM_CONVERSION = YES;
				CLANG_WARN_INFINITE_RECURSION = YES;
				CLANG_WARN_INT_CONVERSION = YES;
				CLANG_WARN_NON_LITERAL_NULL_CONVERSION = YES;
				CLANG_WARN_OBJC_IMPLICIT_RETAIN_SELF = YES;
				CLANG_WARN_OBJC_LITERAL_CONVERSION = YES;
				CLANG_WARN_OBJC_ROOT_CLASS = YES_ERROR;
				CLANG_WARN_QUOTED_INCLUDE_IN_FRAMEWORK_HEADER = YES;
				CLANG_WARN_RANGE_LOOP_ANALYSIS = YES;
				CLANG_WARN_STRICT_PROTOTYPES = YES;
				CLANG_WARN_SUSPICIOUS_MOVE = YES;
				CLANG_WARN_UNGUARDED_AVAILABILITY = YES_AGGRESSIVE;
				CLANG_WARN_UNREACHABLE_CODE = YES;
				CLANG_WARN__DUPLICATE_METHOD_MATCH = YES;
				COPY_PHASE_STRIP = NO;
				DEBUG_INFORMATION_FORMAT = dwarf;
				ENABLE_STRICT_OBJC_MSGSEND = YES;
				ENABLE_TESTABILITY = YES;
				GCC_C_LANGUAGE_STANDARD = gnu11;
				GCC_DYNAMIC_NO_PIC = NO;
				GCC_NO_COMMON_BLOCKS = YES;
				GCC_OPTIMIZATION_LEVEL = 0;
				GCC_PREPROCESSOR_DEFINITIONS = (
					"DEBUG=1",
					"$(inherited)",
				);
				GCC_WARN_64_TO_32_BIT_CONVERSION = YES;
				GCC_WARN_ABOUT_RETURN_TYPE = YES_ERROR;
				GCC_WARN_UNDECLARED_SELECTOR = YES;
				GCC_WARN_UNINITIALIZED_AUTOS = YES_AGGRESSIVE;
				GCC_WARN_UNUSED_FUNCTION = YES;
				GCC_WARN_UNUSED_VARIABLE = YES;
				IPHONEOS_DEPLOYMENT_TARGET = 16.0;
				MTL_ENABLE_DEBUG_INFO = INCLUDE_SOURCE;
				MTL_FAST_MATH = YES;
				ONLY_ACTIVE_ARCH = YES;
				SDKROOT = iphoneos;
				SWIFT_ACTIVE_COMPILATION_CONDITIONS = DEBUG;
				SWIFT_OPTIMIZATION_LEVEL = "-Onone";
			};
			name = Debug;
		};
		BB000002000000000000B873 /* Release */ = {
			isa = XCBuildConfiguration;
			buildSettings = {
				ALWAYS_SEARCH_USER_PATHS = NO;
				ASSETCATALOG_COMPILER_APPICON_NAME = AppIcon;
				ASSETCATALOG_COMPILER_GLOBAL_ACCENT_COLOR_NAME = AccentColor;
				CLANG_ANALYZER_NONNULL = YES;
				CLANG_ANALYZER_NUMBER_OBJECT_CONVERSION = YES_AGGRESSIVE;
				CLANG_CXX_LANGUAGE_STANDARD = "gnu++20";
				CLANG_ENABLE_MODULES = YES;
				CLANG_ENABLE_OBJC_ARC = YES;
				CLANG_ENABLE_OBJC_WEAK = YES;
				CLANG_WARN_BLOCK_CAPTURE_AUTORELEASING = YES;
				CLANG_WARN_BOOL_CONVERSION = YES;
				CLANG_WARN_COMMA = YES;
				CLANG_WARN_CONSTANT_CONVERSION = YES;
				CLANG_WARN_DEPRECATED_OBJC_IMPLEMENTATIONS = YES;
				CLANG_WARN_DIRECT_OBJC_ISA_USAGE = YES_ERROR;
				CLANG_WARN_DOCUMENTATION_COMMENTS = YES;
				CLANG_WARN_EMPTY_BODY = YES;
				CLANG_WARN_ENUM_CONVERSION = YES;
				CLANG_WARN_INFINITE_RECURSION = YES;
				CLANG_WARN_INT_CONVERSION = YES;
				CLANG_WARN_NON_LITERAL_NULL_CONVERSION = YES;
				CLANG_WARN_OBJC_IMPLICIT_RETAIN_SELF = YES;
				CLANG_WARN_OBJC_LITERAL_CONVERSION = YES;
				CLANG_WARN_OBJC_ROOT_CLASS = YES_ERROR;
				CLANG_WARN_QUOTED_INCLUDE_IN_FRAMEWORK_HEADER = YES;
				CLANG_WARN_RANGE_LOOP_ANALYSIS = YES;
				CLANG_WARN_STRICT_PROTOTYPES = YES;
				CLANG_WARN_SUSPICIOUS_MOVE = YES;
				CLANG_WARN_UNGUARDED_AVAILABILITY = YES_AGGRESSIVE;
				CLANG_WARN_UNREACHABLE_CODE = YES;
				CLANG_WARN__DUPLICATE_METHOD_MATCH = YES;
				COPY_PHASE_STRIP = NO;
				DEBUG_INFORMATION_FORMAT = "dwarf-with-dsym";
				ENABLE_NS_ASSERTIONS = NO;
				ENABLE_STRICT_OBJC_MSGSEND = YES;
				GCC_C_LANGUAGE_STANDARD = gnu11;
				GCC_NO_COMMON_BLOCKS = YES;
				GCC_WARN_64_TO_32_BIT_CONVERSION = YES;
				GCC_WARN_ABOUT_RETURN_TYPE = YES_ERROR;
				GCC_WARN_UNDECLARED_SELECTOR = YES;
				GCC_WARN_UNINITIALIZED_AUTOS = YES_AGGRESSIVE;
				GCC_WARN_UNUSED_FUNCTION = YES;
				GCC_WARN_UNUSED_VARIABLE = YES;
				IPHONEOS_DEPLOYMENT_TARGET = 16.0;
				MTL_FAST_MATH = YES;
				SDKROOT = iphoneos;
				SWIFT_COMPILATION_MODE = wholemodule;
				SWIFT_OPTIMIZATION_LEVEL = "-O";
				VALIDATE_PRODUCT = YES;
			};
			name = Release;
		};
		BB000002000000000000B874 /* Debug */ = {
			isa = XCBuildConfiguration;
			buildSettings = {
				CODE_SIGN_STYLE = Automatic;
				CURRENT_PROJECT_VERSION = 1;
				GENERATE_INFOPLIST_FILE = NO;
				INFOPLIST_FILE = ReclipApp/Info.plist;
				LD_RUNPATH_SEARCH_PATHS = (
					"$(inherited)",
					"@executable_path/Frameworks",
				);
				MARKETING_VERSION = 1.0;
				PRODUCT_BUNDLE_IDENTIFIER = com.reclip.app;
				PRODUCT_NAME = "$(TARGET_NAME)";
				SWIFT_EMIT_LOC_STRINGS = YES;
				SWIFT_VERSION = 5.0;
				TARGETED_DEVICE_FAMILY = 1;
			};
			name = Debug;
		};
		BB000002000000000000B875 /* Release */ = {
			isa = XCBuildConfiguration;
			buildSettings = {
				CODE_SIGN_STYLE = Automatic;
				CURRENT_PROJECT_VERSION = 1;
				GENERATE_INFOPLIST_FILE = NO;
				INFOPLIST_FILE = ReclipApp/Info.plist;
				LD_RUNPATH_SEARCH_PATHS = (
					"$(inherited)",
					"@executable_path/Frameworks",
				);
				MARKETING_VERSION = 1.0;
				PRODUCT_BUNDLE_IDENTIFIER = com.reclip.app;
				PRODUCT_NAME = "$(TARGET_NAME)";
				SWIFT_EMIT_LOC_STRINGS = YES;
				SWIFT_VERSION = 5.0;
				TARGETED_DEVICE_FAMILY = 1;
			};
			name = Release;
		};
/* End XCBuildConfiguration section */

/* Begin XCConfigurationList section */
		BB000002000000000000B870 /* Build configuration list for PBXNativeTarget "ReclipApp" */ = {
			isa = XCConfigurationList;
			buildConfigurations = (
				BB000002000000000000B874 /* Debug */,
				BB000002000000000000B875 /* Release */,
			);
			defaultConfigurationIsVisible = 0;
			defaultConfigurationName = Release;
		};
		BB000002000000000000B871 /* Build configuration list for PBXProject "ReclipApp" */ = {
			isa = XCConfigurationList;
			buildConfigurations = (
				BB000002000000000000B872 /* Debug */,
				BB000002000000000000B873 /* Release */,
			);
			defaultConfigurationIsVisible = 0;
			defaultConfigurationName = Release;
		};
/* End XCConfigurationList section */

	};
	rootObject = BB000002000000000000B864 /* Project object */;
}
